
Microsoft Visual Studio Solution File, Format Version 12.00
# Visual Studio 15
VisualStudioVersion = 15.0.28307.102
MinimumVisualStudioVersion = 10.0.40219.1
Project("{FAE04EC0-301F-11D3-BF4B-00C04F79EFBC}") = "EBook", "EBook\EBook.csproj", "{99F03C76-A8F3-49FD-9348-2A6FB6A9076E}"
EndProject
Global
	GlobalSection(SolutionConfigurationPlatforms) = preSolution
		Debug|Any CPU = Debug|Any CPU
		Release|Any CPU = Release|Any CPU
	EndGlobalSection
	GlobalSection(ProjectConfigurationPlatforms) = postSolution
		{99F03C76-A8F3-49FD-9348-2A6FB6A9076E}.Debug|Any CPU.ActiveCfg = Debug|Any CPU
		{99F03C76-A8F3-49FD-9348-2A6FB6A9076E}.Debug|Any CPU.Build.0 = Debug|Any CPU
		{99F03C76-A8F3-49FD-9348-2A6FB6A9076E}.Release|Any CPU.ActiveCfg = Release|Any CPU
		{99F03C76-A8F3-49FD-9348-2A6FB6A9076E}.Release|Any CPU.Build.0 = Release|Any CPU
	EndGlobalSection
	GlobalSection(SolutionProperties) = preSolution
		HideSolutionNode = FALSE
	EndGlobalSection
	GlobalSection(ExtensibilityGlobals) = postSolution
		SolutionGuid = {EB9C8990-9A9F-4E64-A864-2437C5F4AF2F}
	EndGlobalSection
EndGlobal
